
Microsoft Visual Studio Solution File, Format Version 12.00
# Visual Studio Version 16
VisualStudioVersion = 16.0.30114.105
MinimumVisualStudioVersion = 10.0.40219.1
Project("{2150E333-8FDC-42A3-9474-1A3956D46DE8}") = "src", "src", "{8AF2BEAD-A242-471C-B8A2-7F013DB895AB}"
EndProject
Project("{FAE04EC0-301F-11D3-BF4B-00C04F79EFBC}") = "dynata.web", "src\web\dynata.web.csproj", "{84E8CA13-5118-4B9D-9830-90DED704F3D8}"
EndProject
Project("{2150E333-8FDC-42A3-9474-1A3956D46DE8}") = "lib", "lib", "{8D0A3037-44FD-4C1B-B8EB-0C0D0349DC91}"
EndProject
Project("{FAE04EC0-301F-11D3-BF4B-00C04F79EFBC}") = "dynata.core", "src\lib\core\dynata.core.csproj", "{B37FA874-86DE-41CB-920E-120350C201E2}"
EndProject
Global
	GlobalSection(SolutionConfigurationPlatforms) = preSolution
		Debug|Any CPU = Debug|Any CPU
		Debug|x64 = Debug|x64
		Debug|x86 = Debug|x86
		Release|Any CPU = Release|Any CPU
		Release|x64 = Release|x64
		Release|x86 = Release|x86
	EndGlobalSection
	GlobalSection(SolutionProperties) = preSolution
		HideSolutionNode = FALSE
	EndGlobalSection
	GlobalSection(ProjectConfigurationPlatforms) = postSolution
		{84E8CA13-5118-4B9D-9830-90DED704F3D8}.Debug|Any CPU.ActiveCfg = Debug|Any CPU
		{84E8CA13-5118-4B9D-9830-90DED704F3D8}.Debug|Any CPU.Build.0 = Debug|Any CPU
		{84E8CA13-5118-4B9D-9830-90DED704F3D8}.Debug|x64.ActiveCfg = Debug|Any CPU
		{84E8CA13-5118-4B9D-9830-90DED704F3D8}.Debug|x64.Build.0 = Debug|Any CPU
		{84E8CA13-5118-4B9D-9830-90DED704F3D8}.Debug|x86.ActiveCfg = Debug|Any CPU
		{84E8CA13-5118-4B9D-9830-90DED704F3D8}.Debug|x86.Build.0 = Debug|Any CPU
		{84E8CA13-5118-4B9D-9830-90DED704F3D8}.Release|Any CPU.ActiveCfg = Release|Any CPU
		{84E8CA13-5118-4B9D-9830-90DED704F3D8}.Release|Any CPU.Build.0 = Release|Any CPU
		{84E8CA13-5118-4B9D-9830-90DED704F3D8}.Release|x64.ActiveCfg = Release|Any CPU
		{84E8CA13-5118-4B9D-9830-90DED704F3D8}.Release|x64.Build.0 = Release|Any CPU
		{84E8CA13-5118-4B9D-9830-90DED704F3D8}.Release|x86.ActiveCfg = Release|Any CPU
		{84E8CA13-5118-4B9D-9830-90DED704F3D8}.Release|x86.Build.0 = Release|Any CPU
		{B37FA874-86DE-41CB-920E-120350C201E2}.Debug|Any CPU.ActiveCfg = Debug|Any CPU
		{B37FA874-86DE-41CB-920E-120350C201E2}.Debug|Any CPU.Build.0 = Debug|Any CPU
		{B37FA874-86DE-41CB-920E-120350C201E2}.Debug|x64.ActiveCfg = Debug|Any CPU
		{B37FA874-86DE-41CB-920E-120350C201E2}.Debug|x64.Build.0 = Debug|Any CPU
		{B37FA874-86DE-41CB-920E-120350C201E2}.Debug|x86.ActiveCfg = Debug|Any CPU
		{B37FA874-86DE-41CB-920E-120350C201E2}.Debug|x86.Build.0 = Debug|Any CPU
		{B37FA874-86DE-41CB-920E-120350C201E2}.Release|Any CPU.ActiveCfg = Release|Any CPU
		{B37FA874-86DE-41CB-920E-120350C201E2}.Release|Any CPU.Build.0 = Release|Any CPU
		{B37FA874-86DE-41CB-920E-120350C201E2}.Release|x64.ActiveCfg = Release|Any CPU
		{B37FA874-86DE-41CB-920E-120350C201E2}.Release|x64.Build.0 = Release|Any CPU
		{B37FA874-86DE-41CB-920E-120350C201E2}.Release|x86.ActiveCfg = Release|Any CPU
		{B37FA874-86DE-41CB-920E-120350C201E2}.Release|x86.Build.0 = Release|Any CPU
	EndGlobalSection
	GlobalSection(NestedProjects) = preSolution
		{84E8CA13-5118-4B9D-9830-90DED704F3D8} = {8AF2BEAD-A242-471C-B8A2-7F013DB895AB}
		{8D0A3037-44FD-4C1B-B8EB-0C0D0349DC91} = {8AF2BEAD-A242-471C-B8A2-7F013DB895AB}
		{B37FA874-86DE-41CB-920E-120350C201E2} = {8D0A3037-44FD-4C1B-B8EB-0C0D0349DC91}
	EndGlobalSection
EndGlobal
